
Microsoft Visual Studio Solution File, Format Version 12.00
# Visual Studio Version 17
VisualStudioVersion = 17.7.34009.444
MinimumVisualStudioVersion = 10.0.40219.1
Project("{FAE04EC0-301F-11D3-BF4B-00C04F79EFBC}") = "LoremIdentity.Web", "LoremIdentity.Web\LoremIdentity.Web.csproj", "{E521D355-D508-4829-9A5C-448AD80422C8}"
EndProject
Global
	GlobalSection(SolutionConfigurationPlatforms) = preSolution
		Debug|Any CPU = Debug|Any CPU
		Release|Any CPU = Release|Any CPU
	EndGlobalSection
	GlobalSection(ProjectConfigurationPlatforms) = postSolution
		{E521D355-D508-4829-9A5C-448AD80422C8}.Debug|Any CPU.ActiveCfg = Debug|Any CPU
		{E521D355-D508-4829-9A5C-448AD80422C8}.Debug|Any CPU.Build.0 = Debug|Any CPU
		{E521D355-D508-4829-9A5C-448AD80422C8}.Release|Any CPU.ActiveCfg = Release|Any CPU
		{E521D355-D508-4829-9A5C-448AD80422C8}.Release|Any CPU.Build.0 = Release|Any CPU
	EndGlobalSection
	GlobalSection(SolutionProperties) = preSolution
		HideSolutionNode = FALSE
	EndGlobalSection
	GlobalSection(ExtensibilityGlobals) = postSolution
		SolutionGuid = {6F69EAE4-8CF3-49F9-A49B-41F0D0B7C3DE}
	EndGlobalSection
EndGlobal
